// !$*UTF8*$!
{
	archiveVersion = 1;
	classes = {
	};
	objectVersion = 56;
	objects = {

/* Begin PBXBuildFile section */
		BCA1D78A29F04DC000B2295B /* GalleryCollectionViewModel.swift in Sources */ = {isa = PBXBuildFile; fileRef = BCA1D78929F04DC000B2295B /* GalleryCollectionViewModel.swift */; };
		BCA1D78D29F0542400B2295B /* LocalFileService.swift in Sources */ = {isa = PBXBuildFile; fileRef = BCA1D78C29F0542400B2295B /* LocalFileService.swift */; };
		BCA1D79129F0857800B2295B /* BaseAPI.swift in Sources */ = {isa = PBXBuildFile; fileRef = BCA1D79029F0857800B2295B /* BaseAPI.swift */; };
		BCA1D79329F0A44800B2295B /* Album.swift in Sources */ = {isa = PBXBuildFile; fileRef = BCA1D79229F0A44800B2295B /* Album.swift */; };
		BCA1D79829F0A4F800B2295B /* Dictionary+AddKey.swift in Sources */ = {isa = PBXBuildFile; fileRef = BCA1D79729F0A4F800B2295B /* Dictionary+AddKey.swift */; };
		BCA1D79B29F0C0A700B2295B /* Data+JSON.swift in Sources */ = {isa = PBXBuildFile; fileRef = BCA1D79A29F0C0A700B2295B /* Data+JSON.swift */; };
		BCA1D79F29F11CE700B2295B /* Detail.storyboard in Resources */ = {isa = PBXBuildFile; fileRef = BCA1D79E29F11CE700B2295B /* Detail.storyboard */; };
		BCA1D7A129F11D0A00B2295B /* PhotoDetailController.swift in Sources */ = {isa = PBXBuildFile; fileRef = BCA1D7A029F11D0A00B2295B /* PhotoDetailController.swift */; };
		BCA1D7A529F1220500B2295B /* PhotoDetailViewModel.swift in Sources */ = {isa = PBXBuildFile; fileRef = BCA1D7A429F1220500B2295B /* PhotoDetailViewModel.swift */; };
		BCA1D7A729F1380600B2295B /* GalleryCollectionCellViewModel.swift in Sources */ = {isa = PBXBuildFile; fileRef = BCA1D7A629F1380600B2295B /* GalleryCollectionCellViewModel.swift */; };
		BCA1D7AC29F1601200B2295B /* GalleryViewModel.swift in Sources */ = {isa = PBXBuildFile; fileRef = BCA1D7AB29F1601200B2295B /* GalleryViewModel.swift */; };
		BCA1D7AE29F17B0700B2295B /* PhotoDetailView.swift in Sources */ = {isa = PBXBuildFile; fileRef = BCA1D7AD29F17B0700B2295B /* PhotoDetailView.swift */; };
		BCA1D7B129F17C5200B2295B /* PhotoDetailView.xib in Resources */ = {isa = PBXBuildFile; fileRef = BCA1D7B029F17C5200B2295B /* PhotoDetailView.xib */; };
		BCA1D7B329F1CA2F00B2295B /* GalleryCollectionViewModelTests.swift in Sources */ = {isa = PBXBuildFile; fileRef = BCA1D7B229F1CA2F00B2295B /* GalleryCollectionViewModelTests.swift */; };
		BCA1D7B529F1CE2700B2295B /* MockNetworkService.swift in Sources */ = {isa = PBXBuildFile; fileRef = BCA1D7B429F1CE2700B2295B /* MockNetworkService.swift */; };
		BCA1D7B729F1CECB00B2295B /* MockDelegate.swift in Sources */ = {isa = PBXBuildFile; fileRef = BCA1D7B629F1CECB00B2295B /* MockDelegate.swift */; };
		BCA1D7B929F1DD0A00B2295B /* AlbumCacheService.swift in Sources */ = {isa = PBXBuildFile; fileRef = BCA1D7B829F1DD0A00B2295B /* AlbumCacheService.swift */; };
		BCAB6C2229F0262100D4A3EC /* AppDelegate.swift in Sources */ = {isa = PBXBuildFile; fileRef = BCAB6C2129F0262100D4A3EC /* AppDelegate.swift */; };
		BCAB6C2429F0262100D4A3EC /* SceneDelegate.swift in Sources */ = {isa = PBXBuildFile; fileRef = BCAB6C2329F0262100D4A3EC /* SceneDelegate.swift */; };
		BCAB6C2629F0262100D4A3EC /* GalleryController.swift in Sources */ = {isa = PBXBuildFile; fileRef = BCAB6C2529F0262100D4A3EC /* GalleryController.swift */; };
		BCAB6C2929F0262100D4A3EC /* Main.storyboard in Resources */ = {isa = PBXBuildFile; fileRef = BCAB6C2729F0262100D4A3EC /* Main.storyboard */; };
		BCAB6C2B29F0262100D4A3EC /* Assets.xcassets in Resources */ = {isa = PBXBuildFile; fileRef = BCAB6C2A29F0262100D4A3EC /* Assets.xcassets */; };
		BCAB6C2E29F0262100D4A3EC /* LaunchScreen.storyboard in Resources */ = {isa = PBXBuildFile; fileRef = BCAB6C2C29F0262100D4A3EC /* LaunchScreen.storyboard */; };
		BCAB6C3929F0262200D4A3EC /* GalleryTests.swift in Sources */ = {isa = PBXBuildFile; fileRef = BCAB6C3829F0262200D4A3EC /* GalleryTests.swift */; };
		BCAB6C4329F0262200D4A3EC /* GalleryUITests.swift in Sources */ = {isa = PBXBuildFile; fileRef = BCAB6C4229F0262200D4A3EC /* GalleryUITests.swift */; };
		BCAB6C4529F0262200D4A3EC /* GalleryUITestsLaunchTests.swift in Sources */ = {isa = PBXBuildFile; fileRef = BCAB6C4429F0262200D4A3EC /* GalleryUITestsLaunchTests.swift */; };
		BCAB6C5529F029AF00D4A3EC /* GalleryCollectionView.xib in Resources */ = {isa = PBXBuildFile; fileRef = BCAB6C5429F029AF00D4A3EC /* GalleryCollectionView.xib */; };
		BCAB6C5729F029BE00D4A3EC /* GalleryCollectionView.swift in Sources */ = {isa = PBXBuildFile; fileRef = BCAB6C5629F029BE00D4A3EC /* GalleryCollectionView.swift */; };
		BCAB6C5929F02A1300D4A3EC /* Photo.swift in Sources */ = {isa = PBXBuildFile; fileRef = BCAB6C5829F02A1300D4A3EC /* Photo.swift */; };
		BCAB6C6129F02FD600D4A3EC /* NetworkService.swift in Sources */ = {isa = PBXBuildFile; fileRef = BCAB6C6029F02FD600D4A3EC /* NetworkService.swift */; };
		BCAB6C6429F0305200D4A3EC /* Log.swift in Sources */ = {isa = PBXBuildFile; fileRef = BCAB6C6329F0305200D4A3EC /* Log.swift */; };
		BCAB6C6729F0330B00D4A3EC /* Const.swift in Sources */ = {isa = PBXBuildFile; fileRef = BCAB6C6629F0330B00D4A3EC /* Const.swift */; };
		BCAB6C6A29F0337B00D4A3EC /* GalleryCollectionViewCell.swift in Sources */ = {isa = PBXBuildFile; fileRef = BCAB6C6829F0337B00D4A3EC /* GalleryCollectionViewCell.swift */; };
		BCAB6C6B29F0337B00D4A3EC /* GalleryCollectionViewCell.xib in Resources */ = {isa = PBXBuildFile; fileRef = BCAB6C6929F0337B00D4A3EC /* GalleryCollectionViewCell.xib */; };
/* End PBXBuildFile section */

/* Begin PBXContainerItemProxy section */
		BCAB6C3529F0262200D4A3EC /* PBXContainerItemProxy */ = {
			isa = PBXContainerItemProxy;
			containerPortal = BCAB6C1629F0262100D4A3EC /* Project object */;
			proxyType = 1;
			remoteGlobalIDString = BCAB6C1D29F0262100D4A3EC;
			remoteInfo = Gallery;
		};
		BCAB6C3F29F0262200D4A3EC /* PBXContainerItemProxy */ = {
			isa = PBXContainerItemProxy;
			containerPortal = BCAB6C1629F0262100D4A3EC /* Project object */;
			proxyType = 1;
			remoteGlobalIDString = BCAB6C1D29F0262100D4A3EC;
			remoteInfo = Gallery;
		};
/* End PBXContainerItemProxy section */

/* Begin PBXFileReference section */
		BCA1D78929F04DC000B2295B /* GalleryCollectionViewModel.swift */ = {isa = PBXFileReference; lastKnownFileType = sourcecode.swift; path = GalleryCollectionViewModel.swift; sourceTree = "<group>"; };
		BCA1D78C29F0542400B2295B /* LocalFileService.swift */ = {isa = PBXFileReference; lastKnownFileType = sourcecode.swift; path = LocalFileService.swift; sourceTree = "<group>"; };
		BCA1D79029F0857800B2295B /* BaseAPI.swift */ = {isa = PBXFileReference; lastKnownFileType = sourcecode.swift; path = BaseAPI.swift; sourceTree = "<group>"; };
		BCA1D79229F0A44800B2295B /* Album.swift */ = {isa = PBXFileReference; lastKnownFileType = sourcecode.swift; path = Album.swift; sourceTree = "<group>"; };
		BCA1D79729F0A4F800B2295B /* Dictionary+AddKey.swift */ = {isa = PBXFileReference; lastKnownFileType = sourcecode.swift; path = "Dictionary+AddKey.swift"; sourceTree = "<group>"; };
		BCA1D79A29F0C0A700B2295B /* Data+JSON.swift */ = {isa = PBXFileReference; lastKnownFileType = sourcecode.swift; path = "Data+JSON.swift"; sourceTree = "<group>"; };
		BCA1D79E29F11CE700B2295B /* Detail.storyboard */ = {isa = PBXFileReference; lastKnownFileType = file.storyboard; path = Detail.storyboard; sourceTree = "<group>"; };
		BCA1D7A029F11D0A00B2295B /* PhotoDetailController.swift */ = {isa = PBXFileReference; lastKnownFileType = sourcecode.swift; path = PhotoDetailController.swift; sourceTree = "<group>"; };
		BCA1D7A429F1220500B2295B /* PhotoDetailViewModel.swift */ = {isa = PBXFileReference; lastKnownFileType = sourcecode.swift; path = PhotoDetailViewModel.swift; sourceTree = "<group>"; };
		BCA1D7A629F1380600B2295B /* GalleryCollectionCellViewModel.swift */ = {isa = PBXFileReference; lastKnownFileType = sourcecode.swift; path = GalleryCollectionCellViewModel.swift; sourceTree = "<group>"; };
		BCA1D7AB29F1601200B2295B /* GalleryViewModel.swift */ = {isa = PBXFileReference; lastKnownFileType = sourcecode.swift; path = GalleryViewModel.swift; sourceTree = "<group>"; };
		BCA1D7AD29F17B0700B2295B /* PhotoDetailView.swift */ = {isa = PBXFileReference; lastKnownFileType = sourcecode.swift; path = PhotoDetailView.swift; sourceTree = "<group>"; };
		BCA1D7B029F17C5200B2295B /* PhotoDetailView.xib */ = {isa = PBXFileReference; lastKnownFileType = file.xib; path = PhotoDetailView.xib; sourceTree = "<group>"; };
		BCA1D7B229F1CA2F00B2295B /* GalleryCollectionViewModelTests.swift */ = {isa = PBXFileReference; lastKnownFileType = sourcecode.swift; path = GalleryCollectionViewModelTests.swift; sourceTree = "<group>"; };
		BCA1D7B429F1CE2700B2295B /* MockNetworkService.swift */ = {isa = PBXFileReference; lastKnownFileType = sourcecode.swift; path = MockNetworkService.swift; sourceTree = "<group>"; };
		BCA1D7B629F1CECB00B2295B /* MockDelegate.swift */ = {isa = PBXFileReference; lastKnownFileType = sourcecode.swift; path = MockDelegate.swift; sourceTree = "<group>"; };
		BCA1D7B829F1DD0A00B2295B /* AlbumCacheService.swift */ = {isa = PBXFileReference; lastKnownFileType = sourcecode.swift; path = AlbumCacheService.swift; sourceTree = "<group>"; };
		BCAB6C1E29F0262100D4A3EC /* Gallery.app */ = {isa = PBXFileReference; explicitFileType = wrapper.application; includeInIndex = 0; path = Gallery.app; sourceTree = BUILT_PRODUCTS_DIR; };
		BCAB6C2129F0262100D4A3EC /* AppDelegate.swift */ = {isa = PBXFileReference; lastKnownFileType = sourcecode.swift; path = AppDelegate.swift; sourceTree = "<group>"; };
		BCAB6C2329F0262100D4A3EC /* SceneDelegate.swift */ = {isa = PBXFileReference; lastKnownFileType = sourcecode.swift; path = SceneDelegate.swift; sourceTree = "<group>"; };
		BCAB6C2529F0262100D4A3EC /* GalleryController.swift */ = {isa = PBXFileReference; lastKnownFileType = sourcecode.swift; path = GalleryController.swift; sourceTree = "<group>"; };
		BCAB6C2829F0262100D4A3EC /* Base */ = {isa = PBXFileReference; lastKnownFileType = file.storyboard; name = Base; path = Base.lproj/Main.storyboard; sourceTree = "<group>"; };
		BCAB6C2A29F0262100D4A3EC /* Assets.xcassets */ = {isa = PBXFileReference; lastKnownFileType = folder.assetcatalog; path = Assets.xcassets; sourceTree = "<group>"; };
		BCAB6C2D29F0262100D4A3EC /* Base */ = {isa = PBXFileReference; lastKnownFileType = file.storyboard; name = Base; path = Base.lproj/LaunchScreen.storyboard; sourceTree = "<group>"; };
		BCAB6C2F29F0262100D4A3EC /* Info.plist */ = {isa = PBXFileReference; lastKnownFileType = text.plist.xml; path = Info.plist; sourceTree = "<group>"; };
		BCAB6C3429F0262200D4A3EC /* GalleryTests.xctest */ = {isa = PBXFileReference; explicitFileType = wrapper.cfbundle; includeInIndex = 0; path = GalleryTests.xctest; sourceTree = BUILT_PRODUCTS_DIR; };
		BCAB6C3829F0262200D4A3EC /* GalleryTests.swift */ = {isa = PBXFileReference; lastKnownFileType = sourcecode.swift; path = GalleryTests.swift; sourceTree = "<group>"; };
		BCAB6C3E29F0262200D4A3EC /* GalleryUITests.xctest */ = {isa = PBXFileReference; explicitFileType = wrapper.cfbundle; includeInIndex = 0; path = GalleryUITests.xctest; sourceTree = BUILT_PRODUCTS_DIR; };
		BCAB6C4229F0262200D4A3EC /* GalleryUITests.swift */ = {isa = PBXFileReference; lastKnownFileType = sourcecode.swift; path = GalleryUITests.swift; sourceTree = "<group>"; };
		BCAB6C4429F0262200D4A3EC /* GalleryUITestsLaunchTests.swift */ = {isa = PBXFileReference; lastKnownFileType = sourcecode.swift; path = GalleryUITestsLaunchTests.swift; sourceTree = "<group>"; };
		BCAB6C5429F029AF00D4A3EC /* GalleryCollectionView.xib */ = {isa = PBXFileReference; lastKnownFileType = file.xib; path = GalleryCollectionView.xib; sourceTree = "<group>"; };
		BCAB6C5629F029BE00D4A3EC /* GalleryCollectionView.swift */ = {isa = PBXFileReference; lastKnownFileType = sourcecode.swift; path = GalleryCollectionView.swift; sourceTree = "<group>"; };
		BCAB6C5829F02A1300D4A3EC /* Photo.swift */ = {isa = PBXFileReference; lastKnownFileType = sourcecode.swift; path = Photo.swift; sourceTree = "<group>"; };
		BCAB6C6029F02FD600D4A3EC /* NetworkService.swift */ = {isa = PBXFileReference; lastKnownFileType = sourcecode.swift; path = NetworkService.swift; sourceTree = "<group>"; };
		BCAB6C6329F0305200D4A3EC /* Log.swift */ = {isa = PBXFileReference; lastKnownFileType = sourcecode.swift; path = Log.swift; sourceTree = "<group>"; };
		BCAB6C6629F0330B00D4A3EC /* Const.swift */ = {isa = PBXFileReference; lastKnownFileType = sourcecode.swift; path = Const.swift; sourceTree = "<group>"; };
		BCAB6C6829F0337B00D4A3EC /* GalleryCollectionViewCell.swift */ = {isa = PBXFileReference; lastKnownFileType = sourcecode.swift; path = GalleryCollectionViewCell.swift; sourceTree = "<group>"; };
		BCAB6C6929F0337B00D4A3EC /* GalleryCollectionViewCell.xib */ = {isa = PBXFileReference; lastKnownFileType = file.xib; path = GalleryCollectionViewCell.xib; sourceTree = "<group>"; };
/* End PBXFileReference section */

/* Begin PBXFrameworksBuildPhase section */
		BCAB6C1B29F0262100D4A3EC /* Frameworks */ = {
			isa = PBXFrameworksBuildPhase;
			buildActionMask = 2147483647;
			files = (
			);
			runOnlyForDeploymentPostprocessing = 0;
		};
		BCAB6C3129F0262200D4A3EC /* Frameworks */ = {
			isa = PBXFrameworksBuildPhase;
			buildActionMask = 2147483647;
			files = (
			);
			runOnlyForDeploymentPostprocessing = 0;
		};
		BCAB6C3B29F0262200D4A3EC /* Frameworks */ = {
			isa = PBXFrameworksBuildPhase;
			buildActionMask = 2147483647;
			files = (
			);
			runOnlyForDeploymentPostprocessing = 0;
		};
/* End PBXFrameworksBuildPhase section */

/* Begin PBXGroup section */
		BCA1D78F29F0856A00B2295B /* BaseAPI */ = {
			isa = PBXGroup;
			children = (
				BCA1D79029F0857800B2295B /* BaseAPI.swift */,
			);
			path = BaseAPI;
			sourceTree = "<group>";
		};
		BCA1D7A229F11F3800B2295B /* GalleryCollectionViewModelUnitTests */ = {
			isa = PBXGroup;
			children = (
				BCA1D7B229F1CA2F00B2295B /* GalleryCollectionViewModelTests.swift */,
				BCA1D7B629F1CECB00B2295B /* MockDelegate.swift */,
				BCA1D7B429F1CE2700B2295B /* MockNetworkService.swift */,
			);
			path = GalleryCollectionViewModelUnitTests;
			sourceTree = "<group>";
		};
		BCA1D7A329F121F400B2295B /* ViewModel */ = {
			isa = PBXGroup;
			children = (
				BCA1D7A429F1220500B2295B /* PhotoDetailViewModel.swift */,
			);
			path = ViewModel;
			sourceTree = "<group>";
		};
		BCA1D7AF29F17C2300B2295B /* View */ = {
			isa = PBXGroup;
			children = (
				BCA1D7B029F17C5200B2295B /* PhotoDetailView.xib */,
				BCA1D7AD29F17B0700B2295B /* PhotoDetailView.swift */,
			);
			path = View;
			sourceTree = "<group>";
		};
		BCAB6C1529F0262100D4A3EC = {
			isa = PBXGroup;
			children = (
				BCAB6C2029F0262100D4A3EC /* Gallery */,
				BCAB6C3729F0262200D4A3EC /* GalleryTests */,
				BCAB6C4129F0262200D4A3EC /* GalleryUITests */,
				BCAB6C1F29F0262100D4A3EC /* Products */,
			);
			sourceTree = "<group>";
		};
		BCAB6C1F29F0262100D4A3EC /* Products */ = {
			isa = PBXGroup;
			children = (
				BCAB6C1E29F0262100D4A3EC /* Gallery.app */,
				BCAB6C3429F0262200D4A3EC /* GalleryTests.xctest */,
				BCAB6C3E29F0262200D4A3EC /* GalleryUITests.xctest */,
			);
			name = Products;
			sourceTree = "<group>";
		};
		BCAB6C2029F0262100D4A3EC /* Gallery */ = {
			isa = PBXGroup;
			children = (
				BCAB6C6229F0300500D4A3EC /* Utils */,
				BCAB6C5229F0280C00D4A3EC /* Services */,
				BCAB6C5C29F02E0000D4A3EC /* Gallery */,
				BCAB6C5D29F02E1200D4A3EC /* Detail */,
				BCAB6C2129F0262100D4A3EC /* AppDelegate.swift */,
				BCAB6C2329F0262100D4A3EC /* SceneDelegate.swift */,
				BCAB6C2A29F0262100D4A3EC /* Assets.xcassets */,
				BCAB6C2C29F0262100D4A3EC /* LaunchScreen.storyboard */,
				BCAB6C2F29F0262100D4A3EC /* Info.plist */,
			);
			path = Gallery;
			sourceTree = "<group>";
		};
		BCAB6C3729F0262200D4A3EC /* GalleryTests */ = {
			isa = PBXGroup;
			children = (
				BCA1D7A229F11F3800B2295B /* GalleryCollectionViewModelUnitTests */,
				BCAB6C3829F0262200D4A3EC /* GalleryTests.swift */,
			);
			path = GalleryTests;
			sourceTree = "<group>";
		};
		BCAB6C4129F0262200D4A3EC /* GalleryUITests */ = {
			isa = PBXGroup;
			children = (
				BCAB6C4229F0262200D4A3EC /* GalleryUITests.swift */,
				BCAB6C4429F0262200D4A3EC /* GalleryUITestsLaunchTests.swift */,
			);
			path = GalleryUITests;
			sourceTree = "<group>";
		};
		BCAB6C5229F0280C00D4A3EC /* Services */ = {
			isa = PBXGroup;
			children = (
				BCAB6C6029F02FD600D4A3EC /* NetworkService.swift */,
				BCA1D78C29F0542400B2295B /* LocalFileService.swift */,
				BCA1D7B829F1DD0A00B2295B /* AlbumCacheService.swift */,
				BCA1D78F29F0856A00B2295B /* BaseAPI */,
			);
			path = Services;
			sourceTree = "<group>";
		};
		BCAB6C5C29F02E0000D4A3EC /* Gallery */ = {
			isa = PBXGroup;
			children = (
				BCAB6C5E29F02EE100D4A3EC /* Model */,
				BCAB6C6F29F04B2F00D4A3EC /* ViewModel */,
				BCAB6C5F29F02F9100D4A3EC /* View */,
				BCAB6C2729F0262100D4A3EC /* Main.storyboard */,
				BCAB6C2529F0262100D4A3EC /* GalleryController.swift */,
			);
			path = Gallery;
			sourceTree = "<group>";
		};
		BCAB6C5D29F02E1200D4A3EC /* Detail */ = {
			isa = PBXGroup;
			children = (
				BCA1D79E29F11CE700B2295B /* Detail.storyboard */,
				BCA1D7A029F11D0A00B2295B /* PhotoDetailController.swift */,
				BCA1D7A329F121F400B2295B /* ViewModel */,
				BCA1D7AF29F17C2300B2295B /* View */,
			);
			path = Detail;
			sourceTree = "<group>";
		};
		BCAB6C5E29F02EE100D4A3EC /* Model */ = {
			isa = PBXGroup;
			children = (
				BCAB6C5829F02A1300D4A3EC /* Photo.swift */,
				BCA1D79229F0A44800B2295B /* Album.swift */,
			);
			path = Model;
			sourceTree = "<group>";
		};
		BCAB6C5F29F02F9100D4A3EC /* View */ = {
			isa = PBXGroup;
			children = (
				BCAB6C5429F029AF00D4A3EC /* GalleryCollectionView.xib */,
				BCAB6C5629F029BE00D4A3EC /* GalleryCollectionView.swift */,
				BCAB6C6C29F03A6A00D4A3EC /* Cell */,
			);
			path = View;
			sourceTree = "<group>";
		};
		BCAB6C6229F0300500D4A3EC /* Utils */ = {
			isa = PBXGroup;
			children = (
				BCAB6C6329F0305200D4A3EC /* Log.swift */,
				BCAB6C6629F0330B00D4A3EC /* Const.swift */,
				BCA1D79729F0A4F800B2295B /* Dictionary+AddKey.swift */,
				BCA1D79A29F0C0A700B2295B /* Data+JSON.swift */,
			);
			path = Utils;
			sourceTree = "<group>";
		};
		BCAB6C6C29F03A6A00D4A3EC /* Cell */ = {
			isa = PBXGroup;
			children = (
				BCAB6C6929F0337B00D4A3EC /* GalleryCollectionViewCell.xib */,
				BCAB6C6829F0337B00D4A3EC /* GalleryCollectionViewCell.swift */,
			);
			path = Cell;
			sourceTree = "<group>";
		};
		BCAB6C6F29F04B2F00D4A3EC /* ViewModel */ = {
			isa = PBXGroup;
			children = (
				BCA1D7AB29F1601200B2295B /* GalleryViewModel.swift */,
				BCA1D78929F04DC000B2295B /* GalleryCollectionViewModel.swift */,
				BCA1D7A629F1380600B2295B /* GalleryCollectionCellViewModel.swift */,
			);
			path = ViewModel;
			sourceTree = "<group>";
		};
/* End PBXGroup section */

/* Begin PBXNativeTarget section */
		BCAB6C1D29F0262100D4A3EC /* Gallery */ = {
			isa = PBXNativeTarget;
			buildConfigurationList = BCAB6C4829F0262200D4A3EC /* Build configuration list for PBXNativeTarget "Gallery" */;
			buildPhases = (
				BCAB6C1A29F0262100D4A3EC /* Sources */,
				BCAB6C1B29F0262100D4A3EC /* Frameworks */,
				BCAB6C1C29F0262100D4A3EC /* Resources */,
			);
			buildRules = (
			);
			dependencies = (
			);
			name = Gallery;
			productName = Gallery;
			productReference = BCAB6C1E29F0262100D4A3EC /* Gallery.app */;
			productType = "com.apple.product-type.application";
		};
		BCAB6C3329F0262200D4A3EC /* GalleryTests */ = {
			isa = PBXNativeTarget;
			buildConfigurationList = BCAB6C4B29F0262200D4A3EC /* Build configuration list for PBXNativeTarget "GalleryTests" */;
			buildPhases = (
				BCAB6C3029F0262200D4A3EC /* Sources */,
				BCAB6C3129F0262200D4A3EC /* Frameworks */,
				BCAB6C3229F0262200D4A3EC /* Resources */,
			);
			buildRules = (
			);
			dependencies = (
				BCAB6C3629F0262200D4A3EC /* PBXTargetDependency */,
			);
			name = GalleryTests;
			productName = GalleryTests;
			productReference = BCAB6C3429F0262200D4A3EC /* GalleryTests.xctest */;
			productType = "com.apple.product-type.bundle.unit-test";
		};
		BCAB6C3D29F0262200D4A3EC /* GalleryUITests */ = {
			isa = PBXNativeTarget;
			buildConfigurationList = BCAB6C4E29F0262200D4A3EC /* Build configuration list for PBXNativeTarget "GalleryUITests" */;
			buildPhases = (
				BCAB6C3A29F0262200D4A3EC /* Sources */,
				BCAB6C3B29F0262200D4A3EC /* Frameworks */,
				BCAB6C3C29F0262200D4A3EC /* Resources */,
			);
			buildRules = (
			);
			dependencies = (
				BCAB6C4029F0262200D4A3EC /* PBXTargetDependency */,
			);
			name = GalleryUITests;
			productName = GalleryUITests;
			productReference = BCAB6C3E29F0262200D4A3EC /* GalleryUITests.xctest */;
			productType = "com.apple.product-type.bundle.ui-testing";
		};
/* End PBXNativeTarget section */

/* Begin PBXProject section */
		BCAB6C1629F0262100D4A3EC /* Project object */ = {
			isa = PBXProject;
			attributes = {
				BuildIndependentTargetsInParallel = 1;
				LastSwiftUpdateCheck = 1420;
				LastUpgradeCheck = 1420;
				TargetAttributes = {
					BCAB6C1D29F0262100D4A3EC = {
						CreatedOnToolsVersion = 14.2;
					};
					BCAB6C3329F0262200D4A3EC = {
						CreatedOnToolsVersion = 14.2;
						TestTargetID = BCAB6C1D29F0262100D4A3EC;
					};
					BCAB6C3D29F0262200D4A3EC = {
						CreatedOnToolsVersion = 14.2;
						TestTargetID = BCAB6C1D29F0262100D4A3EC;
					};
				};
			};
			buildConfigurationList = BCAB6C1929F0262100D4A3EC /* Build configuration list for PBXProject "Gallery" */;
			compatibilityVersion = "Xcode 14.0";
			developmentRegion = en;
			hasScannedForEncodings = 0;
			knownRegions = (
				en,
				Base,
			);
			mainGroup = BCAB6C1529F0262100D4A3EC;
			productRefGroup = BCAB6C1F29F0262100D4A3EC /* Products */;
			projectDirPath = "";
			projectRoot = "";
			targets = (
				BCAB6C1D29F0262100D4A3EC /* Gallery */,
				BCAB6C3329F0262200D4A3EC /* GalleryTests */,
				BCAB6C3D29F0262200D4A3EC /* GalleryUITests */,
			);
		};
/* End PBXProject section */

/* Begin PBXResourcesBuildPhase section */
		BCAB6C1C29F0262100D4A3EC /* Resources */ = {
			isa = PBXResourcesBuildPhase;
			buildActionMask = 2147483647;
			files = (
				BCAB6C2E29F0262100D4A3EC /* LaunchScreen.storyboard in Resources */,
				BCAB6C5529F029AF00D4A3EC /* GalleryCollectionView.xib in Resources */,
				BCAB6C2B29F0262100D4A3EC /* Assets.xcassets in Resources */,
				BCAB6C6B29F0337B00D4A3EC /* GalleryCollectionViewCell.xib in Resources */,
				BCAB6C2929F0262100D4A3EC /* Main.storyboard in Resources */,
				BCA1D7B129F17C5200B2295B /* PhotoDetailView.xib in Resources */,
				BCA1D79F29F11CE700B2295B /* Detail.storyboard in Resources */,
			);
			runOnlyForDeploymentPostprocessing = 0;
		};
		BCAB6C3229F0262200D4A3EC /* Resources */ = {
			isa = PBXResourcesBuildPhase;
			buildActionMask = 2147483647;
			files = (
			);
			runOnlyForDeploymentPostprocessing = 0;
		};
		BCAB6C3C29F0262200D4A3EC /* Resources */ = {
			isa = PBXResourcesBuildPhase;
			buildActionMask = 2147483647;
			files = (
			);
			runOnlyForDeploymentPostprocessing = 0;
		};
/* End PBXResourcesBuildPhase section */

/* Begin PBXSourcesBuildPhase section */
		BCAB6C1A29F0262100D4A3EC /* Sources */ = {
			isa = PBXSourcesBuildPhase;
			buildActionMask = 2147483647;
			files = (
				BCA1D7AC29F1601200B2295B /* GalleryViewModel.swift in Sources */,
				BCA1D7A529F1220500B2295B /* PhotoDetailViewModel.swift in Sources */,
				BCA1D79329F0A44800B2295B /* Album.swift in Sources */,
				BCA1D7A129F11D0A00B2295B /* PhotoDetailController.swift in Sources */,
				BCAB6C2629F0262100D4A3EC /* GalleryController.swift in Sources */,
				BCAB6C6A29F0337B00D4A3EC /* GalleryCollectionViewCell.swift in Sources */,
				BCA1D7AE29F17B0700B2295B /* PhotoDetailView.swift in Sources */,
				BCAB6C5729F029BE00D4A3EC /* GalleryCollectionView.swift in Sources */,
				BCAB6C2229F0262100D4A3EC /* AppDelegate.swift in Sources */,
				BCA1D79829F0A4F800B2295B /* Dictionary+AddKey.swift in Sources */,
				BCAB6C2429F0262100D4A3EC /* SceneDelegate.swift in Sources */,
				BCA1D78D29F0542400B2295B /* LocalFileService.swift in Sources */,
				BCA1D79B29F0C0A700B2295B /* Data+JSON.swift in Sources */,
				BCAB6C5929F02A1300D4A3EC /* Photo.swift in Sources */,
				BCAB6C6429F0305200D4A3EC /* Log.swift in Sources */,
				BCA1D78A29F04DC000B2295B /* GalleryCollectionViewModel.swift in Sources */,
				BCAB6C6129F02FD600D4A3EC /* NetworkService.swift in Sources */,
				BCA1D7A729F1380600B2295B /* GalleryCollectionCellViewModel.swift in Sources */,
				BCAB6C6729F0330B00D4A3EC /* Const.swift in Sources */,
				BCA1D7B929F1DD0A00B2295B /* AlbumCacheService.swift in Sources */,
				BCA1D79129F0857800B2295B /* BaseAPI.swift in Sources */,
			);
			runOnlyForDeploymentPostprocessing = 0;
		};
		BCAB6C3029F0262200D4A3EC /* Sources */ = {
			isa = PBXSourcesBuildPhase;
			buildActionMask = 2147483647;
			files = (
				BCA1D7B529F1CE2700B2295B /* MockNetworkService.swift in Sources */,
				BCAB6C3929F0262200D4A3EC /* GalleryTests.swift in Sources */,
				BCA1D7B729F1CECB00B2295B /* MockDelegate.swift in Sources */,
				BCA1D7B329F1CA2F00B2295B /* GalleryCollectionViewModelTests.swift in Sources */,
			);
			runOnlyForDeploymentPostprocessing = 0;
		};
		BCAB6C3A29F0262200D4A3EC /* Sources */ = {
			isa = PBXSourcesBuildPhase;
			buildActionMask = 2147483647;
			files = (
				BCAB6C4329F0262200D4A3EC /* GalleryUITests.swift in Sources */,
				BCAB6C4529F0262200D4A3EC /* GalleryUITestsLaunchTests.swift in Sources */,
			);
			runOnlyForDeploymentPostprocessing = 0;
		};
/* End PBXSourcesBuildPhase section */

/* Begin PBXTargetDependency section */
		BCAB6C3629F0262200D4A3EC /* PBXTargetDependency */ = {
			isa = PBXTargetDependency;
			target = BCAB6C1D29F0262100D4A3EC /* Gallery */;
			targetProxy = BCAB6C3529F0262200D4A3EC /* PBXContainerItemProxy */;
		};
		BCAB6C4029F0262200D4A3EC /* PBXTargetDependency */ = {
			isa = PBXTargetDependency;
			target = BCAB6C1D29F0262100D4A3EC /* Gallery */;
			targetProxy = BCAB6C3F29F0262200D4A3EC /* PBXContainerItemProxy */;
		};
/* End PBXTargetDependency section */

/* Begin PBXVariantGroup section */
		BCAB6C2729F0262100D4A3EC /* Main.storyboard */ = {
			isa = PBXVariantGroup;
			children = (
				BCAB6C2829F0262100D4A3EC /* Base */,
			);
			name = Main.storyboard;
			sourceTree = "<group>";
		};
		BCAB6C2C29F0262100D4A3EC /* LaunchScreen.storyboard */ = {
			isa = PBXVariantGroup;
			children = (
				BCAB6C2D29F0262100D4A3EC /* Base */,
			);
			name = LaunchScreen.storyboard;
			sourceTree = "<group>";
		};
/* End PBXVariantGroup section */

/* Begin XCBuildConfiguration section */
		BCAB6C4629F0262200D4A3EC /* Debug */ = {
			isa = XCBuildConfiguration;
			buildSettings = {
				ALWAYS_SEARCH_USER_PATHS = NO;
				CLANG_ANALYZER_NONNULL = YES;
				CLANG_ANALYZER_NUMBER_OBJECT_CONVERSION = YES_AGGRESSIVE;
				CLANG_CXX_LANGUAGE_STANDARD = "gnu++20";
				CLANG_ENABLE_MODULES = YES;
				CLANG_ENABLE_OBJC_ARC = YES;
				CLANG_ENABLE_OBJC_WEAK = YES;
				CLANG_WARN_BLOCK_CAPTURE_AUTORELEASING = YES;
				CLANG_WARN_BOOL_CONVERSION = YES;
				CLANG_WARN_COMMA = YES;
				CLANG_WARN_CONSTANT_CONVERSION = YES;
				CLANG_WARN_DEPRECATED_OBJC_IMPLEMENTATIONS = YES;
				CLANG_WARN_DIRECT_OBJC_ISA_USAGE = YES_ERROR;
				CLANG_WARN_DOCUMENTATION_COMMENTS = YES;
				CLANG_WARN_EMPTY_BODY = YES;
				CLANG_WARN_ENUM_CONVERSION = YES;
				CLANG_WARN_INFINITE_RECURSION = YES;
				CLANG_WARN_INT_CONVERSION = YES;
				CLANG_WARN_NON_LITERAL_NULL_CONVERSION = YES;
				CLANG_WARN_OBJC_IMPLICIT_RETAIN_SELF = YES;
				CLANG_WARN_OBJC_LITERAL_CONVERSION = YES;
				CLANG_WARN_OBJC_ROOT_CLASS = YES_ERROR;
				CLANG_WARN_QUOTED_INCLUDE_IN_FRAMEWORK_HEADER = YES;
				CLANG_WARN_RANGE_LOOP_ANALYSIS = YES;
				CLANG_WARN_STRICT_PROTOTYPES = YES;
				CLANG_WARN_SUSPICIOUS_MOVE = YES;
				CLANG_WARN_UNGUARDED_AVAILABILITY = YES_AGGRESSIVE;
				CLANG_WARN_UNREACHABLE_CODE = YES;
				CLANG_WARN__DUPLICATE_METHOD_MATCH = YES;
				COPY_PHASE_STRIP = NO;
				DEBUG_INFORMATION_FORMAT = dwarf;
				ENABLE_STRICT_OBJC_MSGSEND = YES;
				ENABLE_TESTABILITY = YES;
				GCC_C_LANGUAGE_STANDARD = gnu11;
				GCC_DYNAMIC_NO_PIC = NO;
				GCC_NO_COMMON_BLOCKS = YES;
				GCC_OPTIMIZATION_LEVEL = 0;
				GCC_PREPROCESSOR_DEFINITIONS = (
					"DEBUG=1",
					"$(inherited)",
				);
				GCC_WARN_64_TO_32_BIT_CONVERSION = YES;
				GCC_WARN_ABOUT_RETURN_TYPE = YES_ERROR;
				GCC_WARN_UNDECLARED_SELECTOR = YES;
				GCC_WARN_UNINITIALIZED_AUTOS = YES_AGGRESSIVE;
				GCC_WARN_UNUSED_FUNCTION = YES;
				GCC_WARN_UNUSED_VARIABLE = YES;
				IPHONEOS_DEPLOYMENT_TARGET = 16.2;
				MTL_ENABLE_DEBUG_INFO = INCLUDE_SOURCE;
				MTL_FAST_MATH = YES;
				ONLY_ACTIVE_ARCH = YES;
				SDKROOT = iphoneos;
				SWIFT_ACTIVE_COMPILATION_CONDITIONS = DEBUG;
				SWIFT_OPTIMIZATION_LEVEL = "-Onone";
			};
			name = Debug;
		};
		BCAB6C4729F0262200D4A3EC /* Release */ = {
			isa = XCBuildConfiguration;
			buildSettings = {
				ALWAYS_SEARCH_USER_PATHS = NO;
				CLANG_ANALYZER_NONNULL = YES;
				CLANG_ANALYZER_NUMBER_OBJECT_CONVERSION = YES_AGGRESSIVE;
				CLANG_CXX_LANGUAGE_STANDARD = "gnu++20";
				CLANG_ENABLE_MODULES = YES;
				CLANG_ENABLE_OBJC_ARC = YES;
				CLANG_ENABLE_OBJC_WEAK = YES;
				CLANG_WARN_BLOCK_CAPTURE_AUTORELEASING = YES;
				CLANG_WARN_BOOL_CONVERSION = YES;
				CLANG_WARN_COMMA = YES;
				CLANG_WARN_CONSTANT_CONVERSION = YES;
				CLANG_WARN_DEPRECATED_OBJC_IMPLEMENTATIONS = YES;
				CLANG_WARN_DIRECT_OBJC_ISA_USAGE = YES_ERROR;
				CLANG_WARN_DOCUMENTATION_COMMENTS = YES;
				CLANG_WARN_EMPTY_BODY = YES;
				CLANG_WARN_ENUM_CONVERSION = YES;
				CLANG_WARN_INFINITE_RECURSION = YES;
				CLANG_WARN_INT_CONVERSION = YES;
				CLANG_WARN_NON_LITERAL_NULL_CONVERSION = YES;
				CLANG_WARN_OBJC_IMPLICIT_RETAIN_SELF = YES;
				CLANG_WARN_OBJC_LITERAL_CONVERSION = YES;
				CLANG_WARN_OBJC_ROOT_CLASS = YES_ERROR;
				CLANG_WARN_QUOTED_INCLUDE_IN_FRAMEWORK_HEADER = YES;
				CLANG_WARN_RANGE_LOOP_ANALYSIS = YES;
				CLANG_WARN_STRICT_PROTOTYPES = YES;
				CLANG_WARN_SUSPICIOUS_MOVE = YES;
				CLANG_WARN_UNGUARDED_AVAILABILITY = YES_AGGRESSIVE;
				CLANG_WARN_UNREACHABLE_CODE = YES;
				CLANG_WARN__DUPLICATE_METHOD_MATCH = YES;
				COPY_PHASE_STRIP = NO;
				DEBUG_INFORMATION_FORMAT = "dwarf-with-dsym";
				ENABLE_NS_ASSERTIONS = NO;
				ENABLE_STRICT_OBJC_MSGSEND = YES;
				GCC_C_LANGUAGE_STANDARD = gnu11;
				GCC_NO_COMMON_BLOCKS = YES;
				GCC_WARN_64_TO_32_BIT_CONVERSION = YES;
				GCC_WARN_ABOUT_RETURN_TYPE = YES_ERROR;
				GCC_WARN_UNDECLARED_SELECTOR = YES;
				GCC_WARN_UNINITIALIZED_AUTOS = YES_AGGRESSIVE;
				GCC_WARN_UNUSED_FUNCTION = YES;
				GCC_WARN_UNUSED_VARIABLE = YES;
				IPHONEOS_DEPLOYMENT_TARGET = 16.2;
				MTL_ENABLE_DEBUG_INFO = NO;
				MTL_FAST_MATH = YES;
				SDKROOT = iphoneos;
				SWIFT_COMPILATION_MODE = wholemodule;
				SWIFT_OPTIMIZATION_LEVEL = "-O";
				VALIDATE_PRODUCT = YES;
			};
			name = Release;
		};
		BCAB6C4929F0262200D4A3EC /* Debug */ = {
			isa = XCBuildConfiguration;
			buildSettings = {
				ASSETCATALOG_COMPILER_APPICON_NAME = AppIcon;
				ASSETCATALOG_COMPILER_GLOBAL_ACCENT_COLOR_NAME = AccentColor;
				CODE_SIGN_STYLE = Automatic;
				CURRENT_PROJECT_VERSION = 1;
				DEVELOPMENT_TEAM = NBK597F2XX;
				GENERATE_INFOPLIST_FILE = YES;
				INFOPLIST_FILE = Gallery/Info.plist;
				INFOPLIST_KEY_CFBundleDisplayName = Gallery;
				INFOPLIST_KEY_LSApplicationCategoryType = "public.app-category.utilities";
				INFOPLIST_KEY_UIApplicationSupportsIndirectInputEvents = YES;
				INFOPLIST_KEY_UILaunchStoryboardName = LaunchScreen;
				INFOPLIST_KEY_UIMainStoryboardFile = Main;
				INFOPLIST_KEY_UISupportedInterfaceOrientations = UIInterfaceOrientationPortrait;
				IPHONEOS_DEPLOYMENT_TARGET = 13.0;
				LD_RUNPATH_SEARCH_PATHS = (
					"$(inherited)",
					"@executable_path/Frameworks",
				);
				MARKETING_VERSION = 1.0;
				PRODUCT_BUNDLE_IDENTIFIER = com.balaz.gallery;
				PRODUCT_NAME = "$(TARGET_NAME)";
				SUPPORTED_PLATFORMS = "iphoneos iphonesimulator";
				SUPPORTS_MACCATALYST = NO;
				SUPPORTS_MAC_DESIGNED_FOR_IPHONE_IPAD = YES;
				SWIFT_EMIT_LOC_STRINGS = YES;
				SWIFT_VERSION = 5.0;
				TARGETED_DEVICE_FAMILY = "1,2";
			};
			name = Debug;
		};
		BCAB6C4A29F0262200D4A3EC /* Release */ = {
			isa = XCBuildConfiguration;
			buildSettings = {
				ASSETCATALOG_COMPILER_APPICON_NAME = AppIcon;
				ASSETCATALOG_COMPILER_GLOBAL_ACCENT_COLOR_NAME = AccentColor;
				CODE_SIGN_STYLE = Automatic;
				CURRENT_PROJECT_VERSION = 1;
				DEVELOPMENT_TEAM = NBK597F2XX;
				GENERATE_INFOPLIST_FILE = YES;
				INFOPLIST_FILE = Gallery/Info.plist;
				INFOPLIST_KEY_CFBundleDisplayName = Gallery;
				INFOPLIST_KEY_LSApplicationCategoryType = "public.app-category.utilities";
				INFOPLIST_KEY_UIApplicationSupportsIndirectInputEvents = YES;
				INFOPLIST_KEY_UILaunchStoryboardName = LaunchScreen;
				INFOPLIST_KEY_UIMainStoryboardFile = Main;
				INFOPLIST_KEY_UISupportedInterfaceOrientations = UIInterfaceOrientationPortrait;
				IPHONEOS_DEPLOYMENT_TARGET = 13.0;
				LD_RUNPATH_SEARCH_PATHS = (
					"$(inherited)",
					"@executable_path/Frameworks",
				);
				MARKETING_VERSION = 1.0;
				PRODUCT_BUNDLE_IDENTIFIER = com.balaz.gallery;
				PRODUCT_NAME = "$(TARGET_NAME)";
				SUPPORTED_PLATFORMS = "iphoneos iphonesimulator";
				SUPPORTS_MACCATALYST = NO;
				SUPPORTS_MAC_DESIGNED_FOR_IPHONE_IPAD = YES;
				SWIFT_EMIT_LOC_STRINGS = YES;
				SWIFT_VERSION = 5.0;
				TARGETED_DEVICE_FAMILY = "1,2";
			};
			name = Release;
		};
		BCAB6C4C29F0262200D4A3EC /* Debug */ = {
			isa = XCBuildConfiguration;
			buildSettings = {
				ALWAYS_EMBED_SWIFT_STANDARD_LIBRARIES = YES;
				BUNDLE_LOADER = "$(TEST_HOST)";
				CODE_SIGN_STYLE = Automatic;
				CURRENT_PROJECT_VERSION = 1;
				DEVELOPMENT_TEAM = NBK597F2XX;
				GENERATE_INFOPLIST_FILE = YES;
				IPHONEOS_DEPLOYMENT_TARGET = 16.2;
				MARKETING_VERSION = 1.0;
				PRODUCT_BUNDLE_IDENTIFIER = com.gallery.GalleryTests;
				PRODUCT_NAME = "$(TARGET_NAME)";
				SWIFT_EMIT_LOC_STRINGS = NO;
				SWIFT_VERSION = 5.0;
				TARGETED_DEVICE_FAMILY = "1,2";
				TEST_HOST = "$(BUILT_PRODUCTS_DIR)/Gallery.app/$(BUNDLE_EXECUTABLE_FOLDER_PATH)/Gallery";
			};
			name = Debug;
		};
		BCAB6C4D29F0262200D4A3EC /* Release */ = {
			isa = XCBuildConfiguration;
			buildSettings = {
				ALWAYS_EMBED_SWIFT_STANDARD_LIBRARIES = YES;
				BUNDLE_LOADER = "$(TEST_HOST)";
				CODE_SIGN_STYLE = Automatic;
				CURRENT_PROJECT_VERSION = 1;
				DEVELOPMENT_TEAM = NBK597F2XX;
				GENERATE_INFOPLIST_FILE = YES;
				IPHONEOS_DEPLOYMENT_TARGET = 16.2;
				MARKETING_VERSION = 1.0;
				PRODUCT_BUNDLE_IDENTIFIER = com.gallery.GalleryTests;
				PRODUCT_NAME = "$(TARGET_NAME)";
				SWIFT_EMIT_LOC_STRINGS = NO;
				SWIFT_VERSION = 5.0;
				TARGETED_DEVICE_FAMILY = "1,2";
				TEST_HOST = "$(BUILT_PRODUCTS_DIR)/Gallery.app/$(BUNDLE_EXECUTABLE_FOLDER_PATH)/Gallery";
			};
			name = Release;
		};
		BCAB6C4F29F0262200D4A3EC /* Debug */ = {
			isa = XCBuildConfiguration;
			buildSettings = {
				ALWAYS_EMBED_SWIFT_STANDARD_LIBRARIES = YES;
				CODE_SIGN_STYLE = Automatic;
				CURRENT_PROJECT_VERSION = 1;
				DEVELOPMENT_TEAM = NBK597F2XX;
				GENERATE_INFOPLIST_FILE = YES;
				MARKETING_VERSION = 1.0;
				PRODUCT_BUNDLE_IDENTIFIER = com.gallery.GalleryUITests;
				PRODUCT_NAME = "$(TARGET_NAME)";
				SWIFT_EMIT_LOC_STRINGS = NO;
				SWIFT_VERSION = 5.0;
				TARGETED_DEVICE_FAMILY = "1,2";
				TEST_TARGET_NAME = Gallery;
			};
			name = Debug;
		};
		BCAB6C5029F0262200D4A3EC /* Release */ = {
			isa = XCBuildConfiguration;
			buildSettings = {
				ALWAYS_EMBED_SWIFT_STANDARD_LIBRARIES = YES;
				CODE_SIGN_STYLE = Automatic;
				CURRENT_PROJECT_VERSION = 1;
				DEVELOPMENT_TEAM = NBK597F2XX;
				GENERATE_INFOPLIST_FILE = YES;
				MARKETING_VERSION = 1.0;
				PRODUCT_BUNDLE_IDENTIFIER = com.gallery.GalleryUITests;
				PRODUCT_NAME = "$(TARGET_NAME)";
				SWIFT_EMIT_LOC_STRINGS = NO;
				SWIFT_VERSION = 5.0;
				TARGETED_DEVICE_FAMILY = "1,2";
				TEST_TARGET_NAME = Gallery;
			};
			name = Release;
		};
/* End XCBuildConfiguration section */

/* Begin XCConfigurationList section */
		BCAB6C1929F0262100D4A3EC /* Build configuration list for PBXProject "Gallery" */ = {
			isa = XCConfigurationList;
			buildConfigurations = (
				BCAB6C4629F0262200D4A3EC /* Debug */,
				BCAB6C4729F0262200D4A3EC /* Release */,
			);
			defaultConfigurationIsVisible = 0;
			defaultConfigurationName = Release;
		};
		BCAB6C4829F0262200D4A3EC /* Build configuration list for PBXNativeTarget "Gallery" */ = {
			isa = XCConfigurationList;
			buildConfigurations = (
				BCAB6C4929F0262200D4A3EC /* Debug */,
				BCAB6C4A29F0262200D4A3EC /* Release */,
			);
			defaultConfigurationIsVisible = 0;
			defaultConfigurationName = Release;
		};
		BCAB6C4B29F0262200D4A3EC /* Build configuration list for PBXNativeTarget "GalleryTests" */ = {
			isa = XCConfigurationList;
			buildConfigurations = (
				BCAB6C4C29F0262200D4A3EC /* Debug */,
				BCAB6C4D29F0262200D4A3EC /* Release */,
			);
			defaultConfigurationIsVisible = 0;
			defaultConfigurationName = Release;
		};
		BCAB6C4E29F0262200D4A3EC /* Build configuration list for PBXNativeTarget "GalleryUITests" */ = {
			isa = XCConfigurationList;
			buildConfigurations = (
				BCAB6C4F29F0262200D4A3EC /* Debug */,
				BCAB6C5029F0262200D4A3EC /* Release */,
			);
			defaultConfigurationIsVisible = 0;
			defaultConfigurationName = Release;
		};
/* End XCConfigurationList section */
	};
	rootObject = BCAB6C1629F0262100D4A3EC /* Project object */;
}
